// !$*UTF8*$!
{
	archiveVersion = 1;
	classes = {
	};
	objectVersion = 50;
	objects = {

/* Begin PBXBuildFile section */
		3F700E71233E0E7F006BCBD5 /* SettingTableViewController.swift in Sources */ = {isa = PBXBuildFile; fileRef = 3F700E70233E0E7F006BCBD5 /* SettingTableViewController.swift */; };
		3F700E73233E44EB006BCBD5 /* SettingsTableViewControllerDelegate.swift in Sources */ = {isa = PBXBuildFile; fileRef = 3F700E72233E44EB006BCBD5 /* SettingsTableViewControllerDelegate.swift */; };
		3F9E4A8E234386D400E4DB25 /* Settings.swift in Sources */ = {isa = PBXBuildFile; fileRef = 3F9E4A8D234386D400E4DB25 /* Settings.swift */; };
		3F9E4A902343BDE100E4DB25 /* ImageDownloader.swift in Sources */ = {isa = PBXBuildFile; fileRef = 3F9E4A8F2343BDE100E4DB25 /* ImageDownloader.swift */; };
		3FB6CE5E234124A800E1D0FB /* CoreDataManager.swift in Sources */ = {isa = PBXBuildFile; fileRef = 3FB6CE5D234124A800E1D0FB /* CoreDataManager.swift */; };
		3FC38403233CE3E300D99E75 /* AppDelegate.swift in Sources */ = {isa = PBXBuildFile; fileRef = 3FC38402233CE3E300D99E75 /* AppDelegate.swift */; };
		3FC38405233CE3E300D99E75 /* NewsViewController.swift in Sources */ = {isa = PBXBuildFile; fileRef = 3FC38404233CE3E300D99E75 /* NewsViewController.swift */; };
		3FC38408233CE3E300D99E75 /* Main.storyboard in Resources */ = {isa = PBXBuildFile; fileRef = 3FC38406233CE3E300D99E75 /* Main.storyboard */; };
		3FC3840B233CE3E300D99E75 /* AppNews.xcdatamodeld in Sources */ = {isa = PBXBuildFile; fileRef = 3FC38409233CE3E300D99E75 /* AppNews.xcdatamodeld */; };
		3FC3840D233CE3E500D99E75 /* Assets.xcassets in Resources */ = {isa = PBXBuildFile; fileRef = 3FC3840C233CE3E500D99E75 /* Assets.xcassets */; };
		3FC38410233CE3E500D99E75 /* LaunchScreen.storyboard in Resources */ = {isa = PBXBuildFile; fileRef = 3FC3840E233CE3E500D99E75 /* LaunchScreen.storyboard */; };
		3FC3841B233CE44D00D99E75 /* New.swift in Sources */ = {isa = PBXBuildFile; fileRef = 3FC3841A233CE44D00D99E75 /* New.swift */; };
		3FC3841E233CE48900D99E75 /* NewsReceiverProtocol.swift in Sources */ = {isa = PBXBuildFile; fileRef = 3FC3841D233CE48900D99E75 /* NewsReceiverProtocol.swift */; };
		3FC38421233CE61700D99E75 /* NewsReceiverGazeta.swift in Sources */ = {isa = PBXBuildFile; fileRef = 3FC38420233CE61700D99E75 /* NewsReceiverGazeta.swift */; };
		3FC38423233CE6E800D99E75 /* ParserNewsGazeta.swift in Sources */ = {isa = PBXBuildFile; fileRef = 3FC38422233CE6E800D99E75 /* ParserNewsGazeta.swift */; };
		3FC38427233CED5100D99E75 /* ParserNewsLenta.swift in Sources */ = {isa = PBXBuildFile; fileRef = 3FC38426233CED5100D99E75 /* ParserNewsLenta.swift */; };
		3FD0E222233D313E003BE23C /* NewsReceiverLenta.swift in Sources */ = {isa = PBXBuildFile; fileRef = 3FD0E221233D313E003BE23C /* NewsReceiverLenta.swift */; };
		3FD0E224233D31D2003BE23C /* NewsReceiver.swift in Sources */ = {isa = PBXBuildFile; fileRef = 3FD0E223233D31D2003BE23C /* NewsReceiver.swift */; };
		3FD0E227233D4DE1003BE23C /* NewTableViewCell.swift in Sources */ = {isa = PBXBuildFile; fileRef = 3FD0E225233D4DE1003BE23C /* NewTableViewCell.swift */; };
		3FD0E228233D4DE1003BE23C /* NewTableViewCell.xib in Resources */ = {isa = PBXBuildFile; fileRef = 3FD0E226233D4DE1003BE23C /* NewTableViewCell.xib */; };
		3FE58BD5233F481100047A79 /* WebViewController.swift in Sources */ = {isa = PBXBuildFile; fileRef = 3FE58BD4233F481100047A79 /* WebViewController.swift */; };
		3FE68145234235B3006B9438 /* FavoritesViewController.swift in Sources */ = {isa = PBXBuildFile; fileRef = 3FE68144234235B3006B9438 /* FavoritesViewController.swift */; };
		3FE6814723423CE6006B9438 /* TableVIewCellDelegate.swift in Sources */ = {isa = PBXBuildFile; fileRef = 3FE6814623423CE6006B9438 /* TableVIewCellDelegate.swift */; };
		3FE6814A23424B5C006B9438 /* FavoritesNewTableViewCell.swift in Sources */ = {isa = PBXBuildFile; fileRef = 3FE6814823424B5C006B9438 /* FavoritesNewTableViewCell.swift */; };
		3FE6814B23424B5C006B9438 /* FavoritesNewTableViewCell.xib in Resources */ = {isa = PBXBuildFile; fileRef = 3FE6814923424B5C006B9438 /* FavoritesNewTableViewCell.xib */; };
/* End PBXBuildFile section */

/* Begin PBXFileReference section */
		3F700E70233E0E7F006BCBD5 /* SettingTableViewController.swift */ = {isa = PBXFileReference; lastKnownFileType = sourcecode.swift; path = SettingTableViewController.swift; sourceTree = "<group>"; };
		3F700E72233E44EB006BCBD5 /* SettingsTableViewControllerDelegate.swift */ = {isa = PBXFileReference; lastKnownFileType = sourcecode.swift; path = SettingsTableViewControllerDelegate.swift; sourceTree = "<group>"; };
		3F9E4A8D234386D400E4DB25 /* Settings.swift */ = {isa = PBXFileReference; lastKnownFileType = sourcecode.swift; path = Settings.swift; sourceTree = "<group>"; };
		3F9E4A8F2343BDE100E4DB25 /* ImageDownloader.swift */ = {isa = PBXFileReference; lastKnownFileType = sourcecode.swift; path = ImageDownloader.swift; sourceTree = "<group>"; };
		3FB6CE5D234124A800E1D0FB /* CoreDataManager.swift */ = {isa = PBXFileReference; lastKnownFileType = sourcecode.swift; path = CoreDataManager.swift; sourceTree = "<group>"; };
		3FC383FF233CE3E300D99E75 /* AppNews.app */ = {isa = PBXFileReference; explicitFileType = wrapper.application; includeInIndex = 0; path = AppNews.app; sourceTree = BUILT_PRODUCTS_DIR; };
		3FC38402233CE3E300D99E75 /* AppDelegate.swift */ = {isa = PBXFileReference; lastKnownFileType = sourcecode.swift; path = AppDelegate.swift; sourceTree = "<group>"; };
		3FC38404233CE3E300D99E75 /* NewsViewController.swift */ = {isa = PBXFileReference; lastKnownFileType = sourcecode.swift; path = NewsViewController.swift; sourceTree = "<group>"; };
		3FC38407233CE3E300D99E75 /* Base */ = {isa = PBXFileReference; lastKnownFileType = file.storyboard; name = Base; path = Base.lproj/Main.storyboard; sourceTree = "<group>"; };
		3FC3840A233CE3E300D99E75 /* AppNews.xcdatamodel */ = {isa = PBXFileReference; lastKnownFileType = wrapper.xcdatamodel; path = AppNews.xcdatamodel; sourceTree = "<group>"; };
		3FC3840C233CE3E500D99E75 /* Assets.xcassets */ = {isa = PBXFileReference; lastKnownFileType = folder.assetcatalog; path = Assets.xcassets; sourceTree = "<group>"; };
		3FC3840F233CE3E500D99E75 /* Base */ = {isa = PBXFileReference; lastKnownFileType = file.storyboard; name = Base; path = Base.lproj/LaunchScreen.storyboard; sourceTree = "<group>"; };
		3FC38411233CE3E500D99E75 /* Info.plist */ = {isa = PBXFileReference; lastKnownFileType = text.plist.xml; path = Info.plist; sourceTree = "<group>"; };
		3FC3841A233CE44D00D99E75 /* New.swift */ = {isa = PBXFileReference; lastKnownFileType = sourcecode.swift; path = New.swift; sourceTree = "<group>"; };
		3FC3841D233CE48900D99E75 /* NewsReceiverProtocol.swift */ = {isa = PBXFileReference; lastKnownFileType = sourcecode.swift; path = NewsReceiverProtocol.swift; sourceTree = "<group>"; };
		3FC38420233CE61700D99E75 /* NewsReceiverGazeta.swift */ = {isa = PBXFileReference; lastKnownFileType = sourcecode.swift; path = NewsReceiverGazeta.swift; sourceTree = "<group>"; };
		3FC38422233CE6E800D99E75 /* ParserNewsGazeta.swift */ = {isa = PBXFileReference; lastKnownFileType = sourcecode.swift; path = ParserNewsGazeta.swift; sourceTree = "<group>"; };
		3FC38426233CED5100D99E75 /* ParserNewsLenta.swift */ = {isa = PBXFileReference; lastKnownFileType = sourcecode.swift; path = ParserNewsLenta.swift; sourceTree = "<group>"; };
		3FD0E221233D313E003BE23C /* NewsReceiverLenta.swift */ = {isa = PBXFileReference; lastKnownFileType = sourcecode.swift; path = NewsReceiverLenta.swift; sourceTree = "<group>"; };
		3FD0E223233D31D2003BE23C /* NewsReceiver.swift */ = {isa = PBXFileReference; lastKnownFileType = sourcecode.swift; path = NewsReceiver.swift; sourceTree = "<group>"; };
		3FD0E225233D4DE1003BE23C /* NewTableViewCell.swift */ = {isa = PBXFileReference; lastKnownFileType = sourcecode.swift; path = NewTableViewCell.swift; sourceTree = "<group>"; };
		3FD0E226233D4DE1003BE23C /* NewTableViewCell.xib */ = {isa = PBXFileReference; lastKnownFileType = file.xib; path = NewTableViewCell.xib; sourceTree = "<group>"; };
		3FE58BD4233F481100047A79 /* WebViewController.swift */ = {isa = PBXFileReference; lastKnownFileType = sourcecode.swift; path = WebViewController.swift; sourceTree = "<group>"; };
		3FE68144234235B3006B9438 /* FavoritesViewController.swift */ = {isa = PBXFileReference; lastKnownFileType = sourcecode.swift; path = FavoritesViewController.swift; sourceTree = "<group>"; };
		3FE6814623423CE6006B9438 /* TableVIewCellDelegate.swift */ = {isa = PBXFileReference; lastKnownFileType = sourcecode.swift; path = TableVIewCellDelegate.swift; sourceTree = "<group>"; };
		3FE6814823424B5C006B9438 /* FavoritesNewTableViewCell.swift */ = {isa = PBXFileReference; lastKnownFileType = sourcecode.swift; path = FavoritesNewTableViewCell.swift; sourceTree = "<group>"; };
		3FE6814923424B5C006B9438 /* FavoritesNewTableViewCell.xib */ = {isa = PBXFileReference; lastKnownFileType = file.xib; path = FavoritesNewTableViewCell.xib; sourceTree = "<group>"; };
/* End PBXFileReference section */

/* Begin PBXFrameworksBuildPhase section */
		3FC383FC233CE3E300D99E75 /* Frameworks */ = {
			isa = PBXFrameworksBuildPhase;
			buildActionMask = 2147483647;
			files = (
			);
			runOnlyForDeploymentPostprocessing = 0;
		};
/* End PBXFrameworksBuildPhase section */

/* Begin PBXGroup section */
		3F700E6E233E0B8D006BCBD5 /* NewsViewController */ = {
			isa = PBXGroup;
			children = (
				3FD0E225233D4DE1003BE23C /* NewTableViewCell.swift */,
				3FD0E226233D4DE1003BE23C /* NewTableViewCell.xib */,
				3FC38404233CE3E300D99E75 /* NewsViewController.swift */,
				3FE6814623423CE6006B9438 /* TableVIewCellDelegate.swift */,
			);
			path = NewsViewController;
			sourceTree = "<group>";
		};
		3F700E6F233E0B97006BCBD5 /* SettingViewController */ = {
			isa = PBXGroup;
			children = (
				3F700E70233E0E7F006BCBD5 /* SettingTableViewController.swift */,
				3F700E72233E44EB006BCBD5 /* SettingsTableViewControllerDelegate.swift */,
			);
			path = SettingViewController;
			sourceTree = "<group>";
		};
		3F700E74233E4794006BCBD5 /* Storyboards */ = {
			isa = PBXGroup;
			children = (
				3FC38406233CE3E300D99E75 /* Main.storyboard */,
				3FC3840E233CE3E500D99E75 /* LaunchScreen.storyboard */,
			);
			path = Storyboards;
			sourceTree = "<group>";
		};
		3F700E75233E47CA006BCBD5 /* Image */ = {
			isa = PBXGroup;
			children = (
				3FC3840C233CE3E500D99E75 /* Assets.xcassets */,
				3F9E4A8F2343BDE100E4DB25 /* ImageDownloader.swift */,
			);
			path = Image;
			sourceTree = "<group>";
		};
		3F700E76233E47DC006BCBD5 /* CoreData */ = {
			isa = PBXGroup;
			children = (
				3FC38409233CE3E300D99E75 /* AppNews.xcdatamodeld */,
				3FB6CE5D234124A800E1D0FB /* CoreDataManager.swift */,
			);
			path = CoreData;
			sourceTree = "<group>";
		};
		3F9E4A912343D0FB00E4DB25 /* Settings */ = {
			isa = PBXGroup;
			children = (
				3F9E4A8D234386D400E4DB25 /* Settings.swift */,
			);
			path = Settings;
			sourceTree = "<group>";
		};
		3F9E4A922343D46600E4DB25 /* Gazeta */ = {
			isa = PBXGroup;
			children = (
				3FC38422233CE6E800D99E75 /* ParserNewsGazeta.swift */,
				3FC38420233CE61700D99E75 /* NewsReceiverGazeta.swift */,
			);
			path = Gazeta;
			sourceTree = "<group>";
		};
		3F9E4A932343D47200E4DB25 /* Lenta */ = {
			isa = PBXGroup;
			children = (
				3FC38426233CED5100D99E75 /* ParserNewsLenta.swift */,
				3FD0E221233D313E003BE23C /* NewsReceiverLenta.swift */,
			);
			path = Lenta;
			sourceTree = "<group>";
		};
		3FC383F6233CE3E300D99E75 = {
			isa = PBXGroup;
			children = (
				3FC38401233CE3E300D99E75 /* AppNews */,
				3FC38400233CE3E300D99E75 /* Products */,
			);
			sourceTree = "<group>";
		};
		3FC38400233CE3E300D99E75 /* Products */ = {
			isa = PBXGroup;
			children = (
				3FC383FF233CE3E300D99E75 /* AppNews.app */,
			);
			name = Products;
			sourceTree = "<group>";
		};
		3FC38401233CE3E300D99E75 /* AppNews */ = {
			isa = PBXGroup;
			children = (
				3FC38402233CE3E300D99E75 /* AppDelegate.swift */,
				3F9E4A912343D0FB00E4DB25 /* Settings */,
				3F700E76233E47DC006BCBD5 /* CoreData */,
				3F700E75233E47CA006BCBD5 /* Image */,
				3F700E74233E4794006BCBD5 /* Storyboards */,
				3FD0E22B233E0A9F003BE23C /* ViewControllers */,
				3FC38424233CEB6000D99E75 /* Receivers */,
				3FC38419233CE43E00D99E75 /* Model */,
				3FC38411233CE3E500D99E75 /* Info.plist */,
			);
			path = AppNews;
			sourceTree = "<group>";
		};
		3FC38419233CE43E00D99E75 /* Model */ = {
			isa = PBXGroup;
			children = (
				3FC3841A233CE44D00D99E75 /* New.swift */,
			);
			path = Model;
			sourceTree = "<group>";
		};
		3FC38424233CEB6000D99E75 /* Receivers */ = {
			isa = PBXGroup;
			children = (
				3FC3841D233CE48900D99E75 /* NewsReceiverProtocol.swift */,
				3FD0E223233D31D2003BE23C /* NewsReceiver.swift */,
				3F9E4A932343D47200E4DB25 /* Lenta */,
				3F9E4A922343D46600E4DB25 /* Gazeta */,
			);
			path = Receivers;
			sourceTree = "<group>";
		};
		3FD0E22B233E0A9F003BE23C /* ViewControllers */ = {
			isa = PBXGroup;
			children = (
				3FE6814323423551006B9438 /* FavoritesViewController */,
				3FE58BD3233F47F500047A79 /* WebViewController */,
				3F700E6F233E0B97006BCBD5 /* SettingViewController */,
				3F700E6E233E0B8D006BCBD5 /* NewsViewController */,
			);
			path = ViewControllers;
			sourceTree = "<group>";
		};
		3FE58BD3233F47F500047A79 /* WebViewController */ = {
			isa = PBXGroup;
			children = (
				3FE58BD4233F481100047A79 /* WebViewController.swift */,
			);
			path = WebViewController;
			sourceTree = "<group>";
		};
		3FE6814323423551006B9438 /* FavoritesViewController */ = {
			isa = PBXGroup;
			children = (
				3FE68144234235B3006B9438 /* FavoritesViewController.swift */,
				3FE6814823424B5C006B9438 /* FavoritesNewTableViewCell.swift */,
				3FE6814923424B5C006B9438 /* FavoritesNewTableViewCell.xib */,
			);
			path = FavoritesViewController;
			sourceTree = "<group>";
		};
/* End PBXGroup section */

/* Begin PBXNativeTarget section */
		3FC383FE233CE3E300D99E75 /* AppNews */ = {
			isa = PBXNativeTarget;
			buildConfigurationList = 3FC38414233CE3E500D99E75 /* Build configuration list for PBXNativeTarget "AppNews" */;
			buildPhases = (
				3FC383FB233CE3E300D99E75 /* Sources */,
				3FC383FC233CE3E300D99E75 /* Frameworks */,
				3FC383FD233CE3E300D99E75 /* Resources */,
			);
			buildRules = (
			);
			dependencies = (
			);
			name = AppNews;
			productName = AppNews;
			productReference = 3FC383FF233CE3E300D99E75 /* AppNews.app */;
			productType = "com.apple.product-type.application";
		};
/* End PBXNativeTarget section */

/* Begin PBXProject section */
		3FC383F7233CE3E300D99E75 /* Project object */ = {
			isa = PBXProject;
			attributes = {
				LastSwiftUpdateCheck = 1020;
				LastUpgradeCheck = 1020;
				ORGANIZATIONNAME = "Максим Лисица";
				TargetAttributes = {
					3FC383FE233CE3E300D99E75 = {
						CreatedOnToolsVersion = 10.2.1;
					};
				};
			};
			buildConfigurationList = 3FC383FA233CE3E300D99E75 /* Build configuration list for PBXProject "AppNews" */;
			compatibilityVersion = "Xcode 9.3";
			developmentRegion = en;
			hasScannedForEncodings = 0;
			knownRegions = (
				en,
				Base,
			);
			mainGroup = 3FC383F6233CE3E300D99E75;
			productRefGroup = 3FC38400233CE3E300D99E75 /* Products */;
			projectDirPath = "";
			projectRoot = "";
			targets = (
				3FC383FE233CE3E300D99E75 /* AppNews */,
			);
		};
/* End PBXProject section */

/* Begin PBXResourcesBuildPhase section */
		3FC383FD233CE3E300D99E75 /* Resources */ = {
			isa = PBXResourcesBuildPhase;
			buildActionMask = 2147483647;
			files = (
				3FE6814B23424B5C006B9438 /* FavoritesNewTableViewCell.xib in Resources */,
				3FC38410233CE3E500D99E75 /* LaunchScreen.storyboard in Resources */,
				3FC3840D233CE3E500D99E75 /* Assets.xcassets in Resources */,
				3FD0E228233D4DE1003BE23C /* NewTableViewCell.xib in Resources */,
				3FC38408233CE3E300D99E75 /* Main.storyboard in Resources */,
			);
			runOnlyForDeploymentPostprocessing = 0;
		};
/* End PBXResourcesBuildPhase section */

/* Begin PBXSourcesBuildPhase section */
		3FC383FB233CE3E300D99E75 /* Sources */ = {
			isa = PBXSourcesBuildPhase;
			buildActionMask = 2147483647;
			files = (
				3FD0E224233D31D2003BE23C /* NewsReceiver.swift in Sources */,
				3F700E71233E0E7F006BCBD5 /* SettingTableViewController.swift in Sources */,
				3FC38427233CED5100D99E75 /* ParserNewsLenta.swift in Sources */,
				3F700E73233E44EB006BCBD5 /* SettingsTableViewControllerDelegate.swift in Sources */,
				3FC38421233CE61700D99E75 /* NewsReceiverGazeta.swift in Sources */,
				3FC3841B233CE44D00D99E75 /* New.swift in Sources */,
				3F9E4A902343BDE100E4DB25 /* ImageDownloader.swift in Sources */,
				3FD0E222233D313E003BE23C /* NewsReceiverLenta.swift in Sources */,
				3FD0E227233D4DE1003BE23C /* NewTableViewCell.swift in Sources */,
				3FE6814723423CE6006B9438 /* TableVIewCellDelegate.swift in Sources */,
				3FC3840B233CE3E300D99E75 /* AppNews.xcdatamodeld in Sources */,
				3FC38405233CE3E300D99E75 /* NewsViewController.swift in Sources */,
				3FC3841E233CE48900D99E75 /* NewsReceiverProtocol.swift in Sources */,
				3FB6CE5E234124A800E1D0FB /* CoreDataManager.swift in Sources */,
				3FE68145234235B3006B9438 /* FavoritesViewController.swift in Sources */,
				3FC38403233CE3E300D99E75 /* AppDelegate.swift in Sources */,
				3FE6814A23424B5C006B9438 /* FavoritesNewTableViewCell.swift in Sources */,
				3F9E4A8E234386D400E4DB25 /* Settings.swift in Sources */,
				3FC38423233CE6E800D99E75 /* ParserNewsGazeta.swift in Sources */,
				3FE58BD5233F481100047A79 /* WebViewController.swift in Sources */,
			);
			runOnlyForDeploymentPostprocessing = 0;
		};
/* End PBXSourcesBuildPhase section */

/* Begin PBXVariantGroup section */
		3FC38406233CE3E300D99E75 /* Main.storyboard */ = {
			isa = PBXVariantGroup;
			children = (
				3FC38407233CE3E300D99E75 /* Base */,
			);
			name = Main.storyboard;
			sourceTree = "<group>";
		};
		3FC3840E233CE3E500D99E75 /* LaunchScreen.storyboard */ = {
			isa = PBXVariantGroup;
			children = (
				3FC3840F233CE3E500D99E75 /* Base */,
			);
			name = LaunchScreen.storyboard;
			sourceTree = "<group>";
		};
/* End PBXVariantGroup section */

/* Begin XCBuildConfiguration section */
		3FC38412233CE3E500D99E75 /* Debug */ = {
			isa = XCBuildConfiguration;
			buildSettings = {
				ALWAYS_SEARCH_USER_PATHS = NO;
				CLANG_ANALYZER_NONNULL = YES;
				CLANG_ANALYZER_NUMBER_OBJECT_CONVERSION = YES_AGGRESSIVE;
				CLANG_CXX_LANGUAGE_STANDARD = "gnu++14";
				CLANG_CXX_LIBRARY = "libc++";
				CLANG_ENABLE_MODULES = YES;
				CLANG_ENABLE_OBJC_ARC = YES;
				CLANG_ENABLE_OBJC_WEAK = YES;
				CLANG_WARN_BLOCK_CAPTURE_AUTORELEASING = YES;
				CLANG_WARN_BOOL_CONVERSION = YES;
				CLANG_WARN_COMMA = YES;
				CLANG_WARN_CONSTANT_CONVERSION = YES;
				CLANG_WARN_DEPRECATED_OBJC_IMPLEMENTATIONS = YES;
				CLANG_WARN_DIRECT_OBJC_ISA_USAGE = YES_ERROR;
				CLANG_WARN_DOCUMENTATION_COMMENTS = YES;
				CLANG_WARN_EMPTY_BODY = YES;
				CLANG_WARN_ENUM_CONVERSION = YES;
				CLANG_WARN_INFINITE_RECURSION = YES;
				CLANG_WARN_INT_CONVERSION = YES;
				CLANG_WARN_NON_LITERAL_NULL_CONVERSION = YES;
				CLANG_WARN_OBJC_IMPLICIT_RETAIN_SELF = YES;
				CLANG_WARN_OBJC_LITERAL_CONVERSION = YES;
				CLANG_WARN_OBJC_ROOT_CLASS = YES_ERROR;
				CLANG_WARN_RANGE_LOOP_ANALYSIS = YES;
				CLANG_WARN_STRICT_PROTOTYPES = YES;
				CLANG_WARN_SUSPICIOUS_MOVE = YES;
				CLANG_WARN_UNGUARDED_AVAILABILITY = YES_AGGRESSIVE;
				CLANG_WARN_UNREACHABLE_CODE = YES;
				CLANG_WARN__DUPLICATE_METHOD_MATCH = YES;
				CODE_SIGN_IDENTITY = "iPhone Developer";
				COPY_PHASE_STRIP = NO;
				DEBUG_INFORMATION_FORMAT = dwarf;
				ENABLE_STRICT_OBJC_MSGSEND = YES;
				ENABLE_TESTABILITY = YES;
				GCC_C_LANGUAGE_STANDARD = gnu11;
				GCC_DYNAMIC_NO_PIC = NO;
				GCC_NO_COMMON_BLOCKS = YES;
				GCC_OPTIMIZATION_LEVEL = 0;
				GCC_PREPROCESSOR_DEFINITIONS = (
					"DEBUG=1",
					"$(inherited)",
				);
				GCC_WARN_64_TO_32_BIT_CONVERSION = YES;
				GCC_WARN_ABOUT_RETURN_TYPE = YES_ERROR;
				GCC_WARN_UNDECLARED_SELECTOR = YES;
				GCC_WARN_UNINITIALIZED_AUTOS = YES_AGGRESSIVE;
				GCC_WARN_UNUSED_FUNCTION = YES;
				GCC_WARN_UNUSED_VARIABLE = YES;
				IPHONEOS_DEPLOYMENT_TARGET = 12.2;
				MTL_ENABLE_DEBUG_INFO = INCLUDE_SOURCE;
				MTL_FAST_MATH = YES;
				ONLY_ACTIVE_ARCH = YES;
				SDKROOT = iphoneos;
				SWIFT_ACTIVE_COMPILATION_CONDITIONS = DEBUG;
				SWIFT_OPTIMIZATION_LEVEL = "-Onone";
			};
			name = Debug;
		};
		3FC38413233CE3E500D99E75 /* Release */ = {
			isa = XCBuildConfiguration;
			buildSettings = {
				ALWAYS_SEARCH_USER_PATHS = NO;
				CLANG_ANALYZER_NONNULL = YES;
				CLANG_ANALYZER_NUMBER_OBJECT_CONVERSION = YES_AGGRESSIVE;
				CLANG_CXX_LANGUAGE_STANDARD = "gnu++14";
				CLANG_CXX_LIBRARY = "libc++";
				CLANG_ENABLE_MODULES = YES;
				CLANG_ENABLE_OBJC_ARC = YES;
				CLANG_ENABLE_OBJC_WEAK = YES;
				CLANG_WARN_BLOCK_CAPTURE_AUTORELEASING = YES;
				CLANG_WARN_BOOL_CONVERSION = YES;
				CLANG_WARN_COMMA = YES;
				CLANG_WARN_CONSTANT_CONVERSION = YES;
				CLANG_WARN_DEPRECATED_OBJC_IMPLEMENTATIONS = YES;
				CLANG_WARN_DIRECT_OBJC_ISA_USAGE = YES_ERROR;
				CLANG_WARN_DOCUMENTATION_COMMENTS = YES;
				CLANG_WARN_EMPTY_BODY = YES;
				CLANG_WARN_ENUM_CONVERSION = YES;
				CLANG_WARN_INFINITE_RECURSION = YES;
				CLANG_WARN_INT_CONVERSION = YES;
				CLANG_WARN_NON_LITERAL_NULL_CONVERSION = YES;
				CLANG_WARN_OBJC_IMPLICIT_RETAIN_SELF = YES;
				CLANG_WARN_OBJC_LITERAL_CONVERSION = YES;
				CLANG_WARN_OBJC_ROOT_CLASS = YES_ERROR;
				CLANG_WARN_RANGE_LOOP_ANALYSIS = YES;
				CLANG_WARN_STRICT_PROTOTYPES = YES;
				CLANG_WARN_SUSPICIOUS_MOVE = YES;
				CLANG_WARN_UNGUARDED_AVAILABILITY = YES_AGGRESSIVE;
				CLANG_WARN_UNREACHABLE_CODE = YES;
				CLANG_WARN__DUPLICATE_METHOD_MATCH = YES;
				CODE_SIGN_IDENTITY = "iPhone Developer";
				COPY_PHASE_STRIP = NO;
				DEBUG_INFORMATION_FORMAT = "dwarf-with-dsym";
				ENABLE_NS_ASSERTIONS = NO;
				ENABLE_STRICT_OBJC_MSGSEND = YES;
				GCC_C_LANGUAGE_STANDARD = gnu11;
				GCC_NO_COMMON_BLOCKS = YES;
				GCC_WARN_64_TO_32_BIT_CONVERSION = YES;
				GCC_WARN_ABOUT_RETURN_TYPE = YES_ERROR;
				GCC_WARN_UNDECLARED_SELECTOR = YES;
				GCC_WARN_UNINITIALIZED_AUTOS = YES_AGGRESSIVE;
				GCC_WARN_UNUSED_FUNCTION = YES;
				GCC_WARN_UNUSED_VARIABLE = YES;
				IPHONEOS_DEPLOYMENT_TARGET = 12.2;
				MTL_ENABLE_DEBUG_INFO = NO;
				MTL_FAST_MATH = YES;
				SDKROOT = iphoneos;
				SWIFT_COMPILATION_MODE = wholemodule;
				SWIFT_OPTIMIZATION_LEVEL = "-O";
				VALIDATE_PRODUCT = YES;
			};
			name = Release;
		};
		3FC38415233CE3E500D99E75 /* Debug */ = {
			isa = XCBuildConfiguration;
			buildSettings = {
				ASSETCATALOG_COMPILER_APPICON_NAME = AppIcon;
				CODE_SIGN_STYLE = Automatic;
				DEVELOPMENT_TEAM = "";
				INFOPLIST_FILE = AppNews/Info.plist;
				LD_RUNPATH_SEARCH_PATHS = (
					"$(inherited)",
					"@executable_path/Frameworks",
				);
				PRODUCT_BUNDLE_IDENTIFIER = fox.AppNews;
				PRODUCT_NAME = "$(TARGET_NAME)";
				SWIFT_VERSION = 5.0;
				TARGETED_DEVICE_FAMILY = "1,2";
			};
			name = Debug;
		};
		3FC38416233CE3E500D99E75 /* Release */ = {
			isa = XCBuildConfiguration;
			buildSettings = {
				ASSETCATALOG_COMPILER_APPICON_NAME = AppIcon;
				CODE_SIGN_STYLE = Automatic;
				DEVELOPMENT_TEAM = "";
				INFOPLIST_FILE = AppNews/Info.plist;
				LD_RUNPATH_SEARCH_PATHS = (
					"$(inherited)",
					"@executable_path/Frameworks",
				);
				PRODUCT_BUNDLE_IDENTIFIER = fox.AppNews;
				PRODUCT_NAME = "$(TARGET_NAME)";
				SWIFT_VERSION = 5.0;
				TARGETED_DEVICE_FAMILY = "1,2";
			};
			name = Release;
		};
/* End XCBuildConfiguration section */

/* Begin XCConfigurationList section */
		3FC383FA233CE3E300D99E75 /* Build configuration list for PBXProject "AppNews" */ = {
			isa = XCConfigurationList;
			buildConfigurations = (
				3FC38412233CE3E500D99E75 /* Debug */,
				3FC38413233CE3E500D99E75 /* Release */,
			);
			defaultConfigurationIsVisible = 0;
			defaultConfigurationName = Release;
		};
		3FC38414233CE3E500D99E75 /* Build configuration list for PBXNativeTarget "AppNews" */ = {
			isa = XCConfigurationList;
			buildConfigurations = (
				3FC38415233CE3E500D99E75 /* Debug */,
				3FC38416233CE3E500D99E75 /* Release */,
			);
			defaultConfigurationIsVisible = 0;
			defaultConfigurationName = Release;
		};
/* End XCConfigurationList section */

/* Begin XCVersionGroup section */
		3FC38409233CE3E300D99E75 /* AppNews.xcdatamodeld */ = {
			isa = XCVersionGroup;
			children = (
				3FC3840A233CE3E300D99E75 /* AppNews.xcdatamodel */,
			);
			currentVersion = 3FC3840A233CE3E300D99E75 /* AppNews.xcdatamodel */;
			path = AppNews.xcdatamodeld;
			sourceTree = "<group>";
			versionGroupType = wrapper.xcdatamodel;
		};
/* End XCVersionGroup section */
	};
	rootObject = 3FC383F7233CE3E300D99E75 /* Project object */;
}
